
Microsoft Visual Studio Solution File, Format Version 12.00
# Visual Studio Version 17
VisualStudioVersion = 17.12.35521.163
MinimumVisualStudioVersion = 10.0.40219.1
Project("{FAE04EC0-301F-11D3-BF4B-00C04F79EFBC}") = "UT.Project", "UT.Project\UT.Project.csproj", "{9B4B77EA-AE7E-48BC-8AEE-FC1CC0EF852F}"
EndProject
Project("{FAE04EC0-301F-11D3-BF4B-00C04F79EFBC}") = "UT.TestPrject", "UT.TestPrject\UT.TestPrject.csproj", "{C79F6694-465B-465E-9B2E-923CA15FB6FA}"
EndProject
Project("{FAE04EC0-301F-11D3-BF4B-00C04F79EFBC}") = "UT.Coverage.Analysis", "UT.Coverage.Analysis\UT.Coverage.Analysis.csproj", "{532C24DE-9274-4FEE-B2F3-155FD0625CBC}"
EndProject
Global
	GlobalSection(SolutionConfigurationPlatforms) = preSolution
		Debug|Any CPU = Debug|Any CPU
		Release|Any CPU = Release|Any CPU
	EndGlobalSection
	GlobalSection(ProjectConfigurationPlatforms) = postSolution
		{9B4B77EA-AE7E-48BC-8AEE-FC1CC0EF852F}.Debug|Any CPU.ActiveCfg = Debug|Any CPU
		{9B4B77EA-AE7E-48BC-8AEE-FC1CC0EF852F}.Debug|Any CPU.Build.0 = Debug|Any CPU
		{9B4B77EA-AE7E-48BC-8AEE-FC1CC0EF852F}.Release|Any CPU.ActiveCfg = Release|Any CPU
		{9B4B77EA-AE7E-48BC-8AEE-FC1CC0EF852F}.Release|Any CPU.Build.0 = Release|Any CPU
		{C79F6694-465B-465E-9B2E-923CA15FB6FA}.Debug|Any CPU.ActiveCfg = Debug|Any CPU
		{C79F6694-465B-465E-9B2E-923CA15FB6FA}.Debug|Any CPU.Build.0 = Debug|Any CPU
		{C79F6694-465B-465E-9B2E-923CA15FB6FA}.Release|Any CPU.ActiveCfg = Release|Any CPU
		{C79F6694-465B-465E-9B2E-923CA15FB6FA}.Release|Any CPU.Build.0 = Release|Any CPU
		{532C24DE-9274-4FEE-B2F3-155FD0625CBC}.Debug|Any CPU.ActiveCfg = Debug|Any CPU
		{532C24DE-9274-4FEE-B2F3-155FD0625CBC}.Debug|Any CPU.Build.0 = Debug|Any CPU
		{532C24DE-9274-4FEE-B2F3-155FD0625CBC}.Release|Any CPU.ActiveCfg = Release|Any CPU
		{532C24DE-9274-4FEE-B2F3-155FD0625CBC}.Release|Any CPU.Build.0 = Release|Any CPU
	EndGlobalSection
	GlobalSection(SolutionProperties) = preSolution
		HideSolutionNode = FALSE
	EndGlobalSection
EndGlobal
